
Microsoft Visual Studio Solution File, Format Version 12.00
# Visual Studio Version 17
VisualStudioVersion = 17.13.35828.75 d17.13
MinimumVisualStudioVersion = 10.0.40219.1
Project("{8BC9CEB8-8B4A-11D0-8D11-00A0C91BC942}") = "EMK.MadLib", "EMK.MadLib\EMK.MadLib.vcxproj", "{A7FDED3D-3935-4393-981B-9D9CAB743B8C}"
EndProject
Global
	GlobalSection(SolutionConfigurationPlatforms) = preSolution
		Debug|x64 = Debug|x64
		Debug|x86 = Debug|x86
		Release|x64 = Release|x64
		Release|x86 = Release|x86
	EndGlobalSection
	GlobalSection(ProjectConfigurationPlatforms) = postSolution
		{A7FDED3D-3935-4393-981B-9D9CAB743B8C}.Debug|x64.ActiveCfg = Debug|x64
		{A7FDED3D-3935-4393-981B-9D9CAB743B8C}.Debug|x64.Build.0 = Debug|x64
		{A7FDED3D-3935-4393-981B-9D9CAB743B8C}.Debug|x86.ActiveCfg = Debug|Win32
		{A7FDED3D-3935-4393-981B-9D9CAB743B8C}.Debug|x86.Build.0 = Debug|Win32
		{A7FDED3D-3935-4393-981B-9D9CAB743B8C}.Release|x64.ActiveCfg = Release|x64
		{A7FDED3D-3935-4393-981B-9D9CAB743B8C}.Release|x64.Build.0 = Release|x64
		{A7FDED3D-3935-4393-981B-9D9CAB743B8C}.Release|x86.ActiveCfg = Release|Win32
		{A7FDED3D-3935-4393-981B-9D9CAB743B8C}.Release|x86.Build.0 = Release|Win32
	EndGlobalSection
	GlobalSection(SolutionProperties) = preSolution
		HideSolutionNode = FALSE
	EndGlobalSection
	GlobalSection(ExtensibilityGlobals) = postSolution
		SolutionGuid = {2171934E-5B85-4E37-A6C0-F9575785687E}
	EndGlobalSection
EndGlobal
